
Microsoft Visual Studio Solution File, Format Version 12.00
# Visual Studio 15
VisualStudioVersion = 15.0.28307.489
MinimumVisualStudioVersion = 10.0.40219.1
Project("{FAE04EC0-301F-11D3-BF4B-00C04F79EFBC}") = "test task 8.1", "test task 8.1\test task 8.1.csproj", "{44864E60-99C3-4C25-8AB7-44544393441A}"
EndProject
Project("{FAE04EC0-301F-11D3-BF4B-00C04F79EFBC}") = "task 8.2", "task 8.2\task 8.2.csproj", "{FDE9F6DE-D54A-4A9B-8D71-77EAA2580F68}"
EndProject
Project("{FAE04EC0-301F-11D3-BF4B-00C04F79EFBC}") = "task 8.3", "task 8.3\task 8.3.csproj", "{07BF5619-900D-463C-BE0B-9035E062998D}"
EndProject
Project("{FAE04EC0-301F-11D3-BF4B-00C04F79EFBC}") = "test task 8.3", "test task 8.3\test task 8.3.csproj", "{EC11808D-CCCF-48DA-B8F8-2822CFE8FC87}"
EndProject
Project("{FAE04EC0-301F-11D3-BF4B-00C04F79EFBC}") = "task 8.1", "task 8.1\task 8.1.csproj", "{C9A4AB53-96E6-49B5-ACEF-596EB7E9EA2A}"
EndProject
Global
	GlobalSection(SolutionConfigurationPlatforms) = preSolution
		Debug|Any CPU = Debug|Any CPU
		Release|Any CPU = Release|Any CPU
	EndGlobalSection
	GlobalSection(ProjectConfigurationPlatforms) = postSolution
		{44864E60-99C3-4C25-8AB7-44544393441A}.Debug|Any CPU.ActiveCfg = Debug|Any CPU
		{44864E60-99C3-4C25-8AB7-44544393441A}.Debug|Any CPU.Build.0 = Debug|Any CPU
		{44864E60-99C3-4C25-8AB7-44544393441A}.Release|Any CPU.ActiveCfg = Release|Any CPU
		{44864E60-99C3-4C25-8AB7-44544393441A}.Release|Any CPU.Build.0 = Release|Any CPU
		{FDE9F6DE-D54A-4A9B-8D71-77EAA2580F68}.Debug|Any CPU.ActiveCfg = Debug|Any CPU
		{FDE9F6DE-D54A-4A9B-8D71-77EAA2580F68}.Debug|Any CPU.Build.0 = Debug|Any CPU
		{FDE9F6DE-D54A-4A9B-8D71-77EAA2580F68}.Release|Any CPU.ActiveCfg = Release|Any CPU
		{FDE9F6DE-D54A-4A9B-8D71-77EAA2580F68}.Release|Any CPU.Build.0 = Release|Any CPU
		{07BF5619-900D-463C-BE0B-9035E062998D}.Debug|Any CPU.ActiveCfg = Debug|Any CPU
		{07BF5619-900D-463C-BE0B-9035E062998D}.Debug|Any CPU.Build.0 = Debug|Any CPU
		{07BF5619-900D-463C-BE0B-9035E062998D}.Release|Any CPU.ActiveCfg = Release|Any CPU
		{07BF5619-900D-463C-BE0B-9035E062998D}.Release|Any CPU.Build.0 = Release|Any CPU
		{EC11808D-CCCF-48DA-B8F8-2822CFE8FC87}.Debug|Any CPU.ActiveCfg = Debug|Any CPU
		{EC11808D-CCCF-48DA-B8F8-2822CFE8FC87}.Debug|Any CPU.Build.0 = Debug|Any CPU
		{EC11808D-CCCF-48DA-B8F8-2822CFE8FC87}.Release|Any CPU.ActiveCfg = Release|Any CPU
		{EC11808D-CCCF-48DA-B8F8-2822CFE8FC87}.Release|Any CPU.Build.0 = Release|Any CPU
		{C9A4AB53-96E6-49B5-ACEF-596EB7E9EA2A}.Debug|Any CPU.ActiveCfg = Debug|Any CPU
		{C9A4AB53-96E6-49B5-ACEF-596EB7E9EA2A}.Debug|Any CPU.Build.0 = Debug|Any CPU
		{C9A4AB53-96E6-49B5-ACEF-596EB7E9EA2A}.Release|Any CPU.ActiveCfg = Release|Any CPU
		{C9A4AB53-96E6-49B5-ACEF-596EB7E9EA2A}.Release|Any CPU.Build.0 = Release|Any CPU
	EndGlobalSection
	GlobalSection(SolutionProperties) = preSolution
		HideSolutionNode = FALSE
	EndGlobalSection
	GlobalSection(ExtensibilityGlobals) = postSolution
		SolutionGuid = {5524AD23-2D8A-487D-85A1-F0131F106060}
	EndGlobalSection
EndGlobal
